
Microsoft Visual Studio Solution File, Format Version 12.00
# Visual Studio Version 17
VisualStudioVersion = 17.14.36603.0
MinimumVisualStudioVersion = 10.0.40219.1
Project("{FAE04EC0-301F-11D3-BF4B-00C04F79EFBC}") = "TagTeam", "TagTeam.csproj", "{5CE5847C-8ECC-48C2-A033-EBBA317F6466}"
EndProject
Global
	GlobalSection(SolutionConfigurationPlatforms) = preSolution
		Debug|Any CPU = Debug|Any CPU
		Release|Any CPU = Release|Any CPU
	EndGlobalSection
	GlobalSection(ProjectConfigurationPlatforms) = postSolution
		{5CE5847C-8ECC-48C2-A033-EBBA317F6466}.Debug|Any CPU.ActiveCfg = Debug|Any CPU
		{5CE5847C-8ECC-48C2-A033-EBBA317F6466}.Debug|Any CPU.Build.0 = Debug|Any CPU
		{5CE5847C-8ECC-48C2-A033-EBBA317F6466}.Release|Any CPU.ActiveCfg = Release|Any CPU
		{5CE5847C-8ECC-48C2-A033-EBBA317F6466}.Release|Any CPU.Build.0 = Release|Any CPU
	EndGlobalSection
	GlobalSection(SolutionProperties) = preSolution
		HideSolutionNode = FALSE
	EndGlobalSection
	GlobalSection(ExtensibilityGlobals) = postSolution
		SolutionGuid = {38975725-955D-4FA9-B862-D3D58FBAE3A8}
	EndGlobalSection
EndGlobal
